// !$*UTF8*$!
{
	archiveVersion = 1;
	classes = {
	};
	objectVersion = 55;
	objects = {

/* Begin PBXBuildFile section */
		13DB4ADB28FD4835001EAEE3 /* AppDelegate.swift in Sources */ = {isa = PBXBuildFile; fileRef = 13DB4ADA28FD4835001EAEE3 /* AppDelegate.swift */; };
		13DB4ADD28FD4835001EAEE3 /* SceneDelegate.swift in Sources */ = {isa = PBXBuildFile; fileRef = 13DB4ADC28FD4835001EAEE3 /* SceneDelegate.swift */; };
		13DB4ADF28FD4835001EAEE3 /* MainViewController.swift in Sources */ = {isa = PBXBuildFile; fileRef = 13DB4ADE28FD4835001EAEE3 /* MainViewController.swift */; };
		13DB4AE228FD4835001EAEE3 /* Main.storyboard in Resources */ = {isa = PBXBuildFile; fileRef = 13DB4AE028FD4835001EAEE3 /* Main.storyboard */; };
		13DB4AE428FD4837001EAEE3 /* Assets.xcassets in Resources */ = {isa = PBXBuildFile; fileRef = 13DB4AE328FD4837001EAEE3 /* Assets.xcassets */; };
		13DB4AE728FD4837001EAEE3 /* LaunchScreen.storyboard in Resources */ = {isa = PBXBuildFile; fileRef = 13DB4AE528FD4837001EAEE3 /* LaunchScreen.storyboard */; };
		13DB4AF228FD4918001EAEE3 /* CarouselImageCollectionViewCell.swift in Sources */ = {isa = PBXBuildFile; fileRef = 13DB4AF028FD4918001EAEE3 /* CarouselImageCollectionViewCell.swift */; };
		13DB4AF328FD4918001EAEE3 /* CarouselImageCollectionViewCell.xib in Resources */ = {isa = PBXBuildFile; fileRef = 13DB4AF128FD4918001EAEE3 /* CarouselImageCollectionViewCell.xib */; };
		13DB4AF628FD492B001EAEE3 /* ImageListTableViewCell.swift in Sources */ = {isa = PBXBuildFile; fileRef = 13DB4AF428FD492B001EAEE3 /* ImageListTableViewCell.swift */; };
		13DB4AF728FD492B001EAEE3 /* ImageListTableViewCell.xib in Resources */ = {isa = PBXBuildFile; fileRef = 13DB4AF528FD492B001EAEE3 /* ImageListTableViewCell.xib */; };
		13DB4AFA28FD499B001EAEE3 /* CarouselImageTableViewCell.swift in Sources */ = {isa = PBXBuildFile; fileRef = 13DB4AF828FD499B001EAEE3 /* CarouselImageTableViewCell.swift */; };
		13DB4AFB28FD499B001EAEE3 /* CarouselImageTableViewCell.xib in Resources */ = {isa = PBXBuildFile; fileRef = 13DB4AF928FD499B001EAEE3 /* CarouselImageTableViewCell.xib */; };
		13DB4B0128FD50B0001EAEE3 /* UIView+Extension.swift in Sources */ = {isa = PBXBuildFile; fileRef = 13DB4B0028FD50B0001EAEE3 /* UIView+Extension.swift */; };
		13DB4B0328FD51AC001EAEE3 /* ReusableView.swift in Sources */ = {isa = PBXBuildFile; fileRef = 13DB4B0228FD51AC001EAEE3 /* ReusableView.swift */; };
		13DB4B0528FD51C3001EAEE3 /* NibLoadableView.swift in Sources */ = {isa = PBXBuildFile; fileRef = 13DB4B0428FD51C3001EAEE3 /* NibLoadableView.swift */; };
		13DB4B0728FD520B001EAEE3 /* UITableView+Extension.swift in Sources */ = {isa = PBXBuildFile; fileRef = 13DB4B0628FD520B001EAEE3 /* UITableView+Extension.swift */; };
		13DB4B0A28FD5343001EAEE3 /* Constant.swift in Sources */ = {isa = PBXBuildFile; fileRef = 13DB4B0928FD5343001EAEE3 /* Constant.swift */; };
		13DB4B1028FD57AF001EAEE3 /* SearchProfileHeaderView.swift in Sources */ = {isa = PBXBuildFile; fileRef = 13DB4B0F28FD57AF001EAEE3 /* SearchProfileHeaderView.swift */; };
		13DB4B1228FD57C8001EAEE3 /* SearchProfileHeaderView.xib in Resources */ = {isa = PBXBuildFile; fileRef = 13DB4B1128FD57C8001EAEE3 /* SearchProfileHeaderView.xib */; };
		13DB4B1428FD5ACE001EAEE3 /* UICollectionView+Extension.swift in Sources */ = {isa = PBXBuildFile; fileRef = 13DB4B1328FD5ACE001EAEE3 /* UICollectionView+Extension.swift */; };
/* End PBXBuildFile section */

/* Begin PBXFileReference section */
		13DB4AD728FD4835001EAEE3 /* ImageCarouselApp.app */ = {isa = PBXFileReference; explicitFileType = wrapper.application; includeInIndex = 0; path = ImageCarouselApp.app; sourceTree = BUILT_PRODUCTS_DIR; };
		13DB4ADA28FD4835001EAEE3 /* AppDelegate.swift */ = {isa = PBXFileReference; lastKnownFileType = sourcecode.swift; path = AppDelegate.swift; sourceTree = "<group>"; };
		13DB4ADC28FD4835001EAEE3 /* SceneDelegate.swift */ = {isa = PBXFileReference; lastKnownFileType = sourcecode.swift; path = SceneDelegate.swift; sourceTree = "<group>"; };
		13DB4ADE28FD4835001EAEE3 /* MainViewController.swift */ = {isa = PBXFileReference; lastKnownFileType = sourcecode.swift; path = MainViewController.swift; sourceTree = "<group>"; };
		13DB4AE128FD4835001EAEE3 /* Base */ = {isa = PBXFileReference; lastKnownFileType = file.storyboard; name = Base; path = Base.lproj/Main.storyboard; sourceTree = "<group>"; };
		13DB4AE328FD4837001EAEE3 /* Assets.xcassets */ = {isa = PBXFileReference; lastKnownFileType = folder.assetcatalog; path = Assets.xcassets; sourceTree = "<group>"; };
		13DB4AE628FD4837001EAEE3 /* Base */ = {isa = PBXFileReference; lastKnownFileType = file.storyboard; name = Base; path = Base.lproj/LaunchScreen.storyboard; sourceTree = "<group>"; };
		13DB4AE828FD4837001EAEE3 /* Info.plist */ = {isa = PBXFileReference; lastKnownFileType = text.plist.xml; path = Info.plist; sourceTree = "<group>"; };
		13DB4AF028FD4918001EAEE3 /* CarouselImageCollectionViewCell.swift */ = {isa = PBXFileReference; lastKnownFileType = sourcecode.swift; path = CarouselImageCollectionViewCell.swift; sourceTree = "<group>"; };
		13DB4AF128FD4918001EAEE3 /* CarouselImageCollectionViewCell.xib */ = {isa = PBXFileReference; lastKnownFileType = file.xib; path = CarouselImageCollectionViewCell.xib; sourceTree = "<group>"; };
		13DB4AF428FD492B001EAEE3 /* ImageListTableViewCell.swift */ = {isa = PBXFileReference; lastKnownFileType = sourcecode.swift; path = ImageListTableViewCell.swift; sourceTree = "<group>"; };
		13DB4AF528FD492B001EAEE3 /* ImageListTableViewCell.xib */ = {isa = PBXFileReference; lastKnownFileType = file.xib; path = ImageListTableViewCell.xib; sourceTree = "<group>"; };
		13DB4AF828FD499B001EAEE3 /* CarouselImageTableViewCell.swift */ = {isa = PBXFileReference; lastKnownFileType = sourcecode.swift; path = CarouselImageTableViewCell.swift; sourceTree = "<group>"; };
		13DB4AF928FD499B001EAEE3 /* CarouselImageTableViewCell.xib */ = {isa = PBXFileReference; lastKnownFileType = file.xib; path = CarouselImageTableViewCell.xib; sourceTree = "<group>"; };
		13DB4B0028FD50B0001EAEE3 /* UIView+Extension.swift */ = {isa = PBXFileReference; lastKnownFileType = sourcecode.swift; path = "UIView+Extension.swift"; sourceTree = "<group>"; };
		13DB4B0228FD51AC001EAEE3 /* ReusableView.swift */ = {isa = PBXFileReference; lastKnownFileType = sourcecode.swift; path = ReusableView.swift; sourceTree = "<group>"; };
		13DB4B0428FD51C3001EAEE3 /* NibLoadableView.swift */ = {isa = PBXFileReference; lastKnownFileType = sourcecode.swift; path = NibLoadableView.swift; sourceTree = "<group>"; };
		13DB4B0628FD520B001EAEE3 /* UITableView+Extension.swift */ = {isa = PBXFileReference; lastKnownFileType = sourcecode.swift; path = "UITableView+Extension.swift"; sourceTree = "<group>"; };
		13DB4B0928FD5343001EAEE3 /* Constant.swift */ = {isa = PBXFileReference; lastKnownFileType = sourcecode.swift; path = Constant.swift; sourceTree = "<group>"; };
		13DB4B0F28FD57AF001EAEE3 /* SearchProfileHeaderView.swift */ = {isa = PBXFileReference; lastKnownFileType = sourcecode.swift; path = SearchProfileHeaderView.swift; sourceTree = "<group>"; };
		13DB4B1128FD57C8001EAEE3 /* SearchProfileHeaderView.xib */ = {isa = PBXFileReference; lastKnownFileType = file.xib; path = SearchProfileHeaderView.xib; sourceTree = "<group>"; };
		13DB4B1328FD5ACE001EAEE3 /* UICollectionView+Extension.swift */ = {isa = PBXFileReference; lastKnownFileType = sourcecode.swift; path = "UICollectionView+Extension.swift"; sourceTree = "<group>"; };
/* End PBXFileReference section */

/* Begin PBXFrameworksBuildPhase section */
		13DB4AD428FD4835001EAEE3 /* Frameworks */ = {
			isa = PBXFrameworksBuildPhase;
			buildActionMask = 2147483647;
			files = (
			);
			runOnlyForDeploymentPostprocessing = 0;
		};
/* End PBXFrameworksBuildPhase section */

/* Begin PBXGroup section */
		13DB4ACE28FD4835001EAEE3 = {
			isa = PBXGroup;
			children = (
				13DB4AD928FD4835001EAEE3 /* ImageCarouselApp */,
				13DB4AD828FD4835001EAEE3 /* Products */,
			);
			sourceTree = "<group>";
		};
		13DB4AD828FD4835001EAEE3 /* Products */ = {
			isa = PBXGroup;
			children = (
				13DB4AD728FD4835001EAEE3 /* ImageCarouselApp.app */,
			);
			name = Products;
			sourceTree = "<group>";
		};
		13DB4AD928FD4835001EAEE3 /* ImageCarouselApp */ = {
			isa = PBXGroup;
			children = (
				13DB4ADA28FD4835001EAEE3 /* AppDelegate.swift */,
				13DB4ADC28FD4835001EAEE3 /* SceneDelegate.swift */,
				13DB4B0828FD5332001EAEE3 /* Constant */,
				13DB4AFF28FD5097001EAEE3 /* Extension */,
				13DB4AEF28FD48EF001EAEE3 /* Cell */,
				13DB4AEE28FD48E3001EAEE3 /* ViewController */,
				13DB4AE028FD4835001EAEE3 /* Main.storyboard */,
				13DB4AE328FD4837001EAEE3 /* Assets.xcassets */,
				13DB4AE528FD4837001EAEE3 /* LaunchScreen.storyboard */,
				13DB4AE828FD4837001EAEE3 /* Info.plist */,
			);
			path = ImageCarouselApp;
			sourceTree = "<group>";
		};
		13DB4AEE28FD48E3001EAEE3 /* ViewController */ = {
			isa = PBXGroup;
			children = (
				13DB4ADE28FD4835001EAEE3 /* MainViewController.swift */,
			);
			path = ViewController;
			sourceTree = "<group>";
		};
		13DB4AEF28FD48EF001EAEE3 /* Cell */ = {
			isa = PBXGroup;
			children = (
				13DB4AF828FD499B001EAEE3 /* CarouselImageTableViewCell.swift */,
				13DB4AF928FD499B001EAEE3 /* CarouselImageTableViewCell.xib */,
				13DB4AF028FD4918001EAEE3 /* CarouselImageCollectionViewCell.swift */,
				13DB4AF128FD4918001EAEE3 /* CarouselImageCollectionViewCell.xib */,
				13DB4AF428FD492B001EAEE3 /* ImageListTableViewCell.swift */,
				13DB4AF528FD492B001EAEE3 /* ImageListTableViewCell.xib */,
				13DB4B0F28FD57AF001EAEE3 /* SearchProfileHeaderView.swift */,
				13DB4B1128FD57C8001EAEE3 /* SearchProfileHeaderView.xib */,
			);
			path = Cell;
			sourceTree = "<group>";
		};
		13DB4AFF28FD5097001EAEE3 /* Extension */ = {
			isa = PBXGroup;
			children = (
				13DB4B0028FD50B0001EAEE3 /* UIView+Extension.swift */,
				13DB4B0228FD51AC001EAEE3 /* ReusableView.swift */,
				13DB4B0428FD51C3001EAEE3 /* NibLoadableView.swift */,
				13DB4B0628FD520B001EAEE3 /* UITableView+Extension.swift */,
				13DB4B1328FD5ACE001EAEE3 /* UICollectionView+Extension.swift */,
			);
			path = Extension;
			sourceTree = "<group>";
		};
		13DB4B0828FD5332001EAEE3 /* Constant */ = {
			isa = PBXGroup;
			children = (
				13DB4B0928FD5343001EAEE3 /* Constant.swift */,
			);
			path = Constant;
			sourceTree = "<group>";
		};
/* End PBXGroup section */

/* Begin PBXNativeTarget section */
		13DB4AD628FD4835001EAEE3 /* ImageCarouselApp */ = {
			isa = PBXNativeTarget;
			buildConfigurationList = 13DB4AEB28FD4837001EAEE3 /* Build configuration list for PBXNativeTarget "ImageCarouselApp" */;
			buildPhases = (
				13DB4AD328FD4835001EAEE3 /* Sources */,
				13DB4AD428FD4835001EAEE3 /* Frameworks */,
				13DB4AD528FD4835001EAEE3 /* Resources */,
			);
			buildRules = (
			);
			dependencies = (
			);
			name = ImageCarouselApp;
			productName = ImageCarouselApp;
			productReference = 13DB4AD728FD4835001EAEE3 /* ImageCarouselApp.app */;
			productType = "com.apple.product-type.application";
		};
/* End PBXNativeTarget section */

/* Begin PBXProject section */
		13DB4ACF28FD4835001EAEE3 /* Project object */ = {
			isa = PBXProject;
			attributes = {
				BuildIndependentTargetsInParallel = 1;
				LastSwiftUpdateCheck = 1340;
				LastUpgradeCheck = 1340;
				TargetAttributes = {
					13DB4AD628FD4835001EAEE3 = {
						CreatedOnToolsVersion = 13.4.1;
					};
				};
			};
			buildConfigurationList = 13DB4AD228FD4835001EAEE3 /* Build configuration list for PBXProject "ImageCarouselApp" */;
			compatibilityVersion = "Xcode 13.0";
			developmentRegion = en;
			hasScannedForEncodings = 0;
			knownRegions = (
				en,
				Base,
			);
			mainGroup = 13DB4ACE28FD4835001EAEE3;
			productRefGroup = 13DB4AD828FD4835001EAEE3 /* Products */;
			projectDirPath = "";
			projectRoot = "";
			targets = (
				13DB4AD628FD4835001EAEE3 /* ImageCarouselApp */,
			);
		};
/* End PBXProject section */

/* Begin PBXResourcesBuildPhase section */
		13DB4AD528FD4835001EAEE3 /* Resources */ = {
			isa = PBXResourcesBuildPhase;
			buildActionMask = 2147483647;
			files = (
				13DB4AF328FD4918001EAEE3 /* CarouselImageCollectionViewCell.xib in Resources */,
				13DB4AE728FD4837001EAEE3 /* LaunchScreen.storyboard in Resources */,
				13DB4AE428FD4837001EAEE3 /* Assets.xcassets in Resources */,
				13DB4B1228FD57C8001EAEE3 /* SearchProfileHeaderView.xib in Resources */,
				13DB4AFB28FD499B001EAEE3 /* CarouselImageTableViewCell.xib in Resources */,
				13DB4AE228FD4835001EAEE3 /* Main.storyboard in Resources */,
				13DB4AF728FD492B001EAEE3 /* ImageListTableViewCell.xib in Resources */,
			);
			runOnlyForDeploymentPostprocessing = 0;
		};
/* End PBXResourcesBuildPhase section */

/* Begin PBXSourcesBuildPhase section */
		13DB4AD328FD4835001EAEE3 /* Sources */ = {
			isa = PBXSourcesBuildPhase;
			buildActionMask = 2147483647;
			files = (
				13DB4AF228FD4918001EAEE3 /* CarouselImageCollectionViewCell.swift in Sources */,
				13DB4B0128FD50B0001EAEE3 /* UIView+Extension.swift in Sources */,
				13DB4AF628FD492B001EAEE3 /* ImageListTableViewCell.swift in Sources */,
				13DB4B0528FD51C3001EAEE3 /* NibLoadableView.swift in Sources */,
				13DB4B0328FD51AC001EAEE3 /* ReusableView.swift in Sources */,
				13DB4ADF28FD4835001EAEE3 /* MainViewController.swift in Sources */,
				13DB4B1428FD5ACE001EAEE3 /* UICollectionView+Extension.swift in Sources */,
				13DB4ADB28FD4835001EAEE3 /* AppDelegate.swift in Sources */,
				13DB4B0728FD520B001EAEE3 /* UITableView+Extension.swift in Sources */,
				13DB4B0A28FD5343001EAEE3 /* Constant.swift in Sources */,
				13DB4AFA28FD499B001EAEE3 /* CarouselImageTableViewCell.swift in Sources */,
				13DB4B1028FD57AF001EAEE3 /* SearchProfileHeaderView.swift in Sources */,
				13DB4ADD28FD4835001EAEE3 /* SceneDelegate.swift in Sources */,
			);
			runOnlyForDeploymentPostprocessing = 0;
		};
/* End PBXSourcesBuildPhase section */

/* Begin PBXVariantGroup section */
		13DB4AE028FD4835001EAEE3 /* Main.storyboard */ = {
			isa = PBXVariantGroup;
			children = (
				13DB4AE128FD4835001EAEE3 /* Base */,
			);
			name = Main.storyboard;
			sourceTree = "<group>";
		};
		13DB4AE528FD4837001EAEE3 /* LaunchScreen.storyboard */ = {
			isa = PBXVariantGroup;
			children = (
				13DB4AE628FD4837001EAEE3 /* Base */,
			);
			name = LaunchScreen.storyboard;
			sourceTree = "<group>";
		};
/* End PBXVariantGroup section */

/* Begin XCBuildConfiguration section */
		13DB4AE928FD4837001EAEE3 /* Debug */ = {
			isa = XCBuildConfiguration;
			buildSettings = {
				ALWAYS_SEARCH_USER_PATHS = NO;
				CLANG_ANALYZER_NONNULL = YES;
				CLANG_ANALYZER_NUMBER_OBJECT_CONVERSION = YES_AGGRESSIVE;
				CLANG_CXX_LANGUAGE_STANDARD = "gnu++17";
				CLANG_ENABLE_MODULES = YES;
				CLANG_ENABLE_OBJC_ARC = YES;
				CLANG_ENABLE_OBJC_WEAK = YES;
				CLANG_WARN_BLOCK_CAPTURE_AUTORELEASING = YES;
				CLANG_WARN_BOOL_CONVERSION = YES;
				CLANG_WARN_COMMA = YES;
				CLANG_WARN_CONSTANT_CONVERSION = YES;
				CLANG_WARN_DEPRECATED_OBJC_IMPLEMENTATIONS = YES;
				CLANG_WARN_DIRECT_OBJC_ISA_USAGE = YES_ERROR;
				CLANG_WARN_DOCUMENTATION_COMMENTS = YES;
				CLANG_WARN_EMPTY_BODY = YES;
				CLANG_WARN_ENUM_CONVERSION = YES;
				CLANG_WARN_INFINITE_RECURSION = YES;
				CLANG_WARN_INT_CONVERSION = YES;
				CLANG_WARN_NON_LITERAL_NULL_CONVERSION = YES;
				CLANG_WARN_OBJC_IMPLICIT_RETAIN_SELF = YES;
				CLANG_WARN_OBJC_LITERAL_CONVERSION = YES;
				CLANG_WARN_OBJC_ROOT_CLASS = YES_ERROR;
				CLANG_WARN_QUOTED_INCLUDE_IN_FRAMEWORK_HEADER = YES;
				CLANG_WARN_RANGE_LOOP_ANALYSIS = YES;
				CLANG_WARN_STRICT_PROTOTYPES = YES;
				CLANG_WARN_SUSPICIOUS_MOVE = YES;
				CLANG_WARN_UNGUARDED_AVAILABILITY = YES_AGGRESSIVE;
				CLANG_WARN_UNREACHABLE_CODE = YES;
				CLANG_WARN__DUPLICATE_METHOD_MATCH = YES;
				COPY_PHASE_STRIP = NO;
				DEBUG_INFORMATION_FORMAT = dwarf;
				ENABLE_STRICT_OBJC_MSGSEND = YES;
				ENABLE_TESTABILITY = YES;
				GCC_C_LANGUAGE_STANDARD = gnu11;
				GCC_DYNAMIC_NO_PIC = NO;
				GCC_NO_COMMON_BLOCKS = YES;
				GCC_OPTIMIZATION_LEVEL = 0;
				GCC_PREPROCESSOR_DEFINITIONS = (
					"DEBUG=1",
					"$(inherited)",
				);
				GCC_WARN_64_TO_32_BIT_CONVERSION = YES;
				GCC_WARN_ABOUT_RETURN_TYPE = YES_ERROR;
				GCC_WARN_UNDECLARED_SELECTOR = YES;
				GCC_WARN_UNINITIALIZED_AUTOS = YES_AGGRESSIVE;
				GCC_WARN_UNUSED_FUNCTION = YES;
				GCC_WARN_UNUSED_VARIABLE = YES;
				IPHONEOS_DEPLOYMENT_TARGET = 15.5;
				MTL_ENABLE_DEBUG_INFO = INCLUDE_SOURCE;
				MTL_FAST_MATH = YES;
				ONLY_ACTIVE_ARCH = YES;
				SDKROOT = iphoneos;
				SWIFT_ACTIVE_COMPILATION_CONDITIONS = DEBUG;
				SWIFT_OPTIMIZATION_LEVEL = "-Onone";
			};
			name = Debug;
		};
		13DB4AEA28FD4837001EAEE3 /* Release */ = {
			isa = XCBuildConfiguration;
			buildSettings = {
				ALWAYS_SEARCH_USER_PATHS = NO;
				CLANG_ANALYZER_NONNULL = YES;
				CLANG_ANALYZER_NUMBER_OBJECT_CONVERSION = YES_AGGRESSIVE;
				CLANG_CXX_LANGUAGE_STANDARD = "gnu++17";
				CLANG_ENABLE_MODULES = YES;
				CLANG_ENABLE_OBJC_ARC = YES;
				CLANG_ENABLE_OBJC_WEAK = YES;
				CLANG_WARN_BLOCK_CAPTURE_AUTORELEASING = YES;
				CLANG_WARN_BOOL_CONVERSION = YES;
				CLANG_WARN_COMMA = YES;
				CLANG_WARN_CONSTANT_CONVERSION = YES;
				CLANG_WARN_DEPRECATED_OBJC_IMPLEMENTATIONS = YES;
				CLANG_WARN_DIRECT_OBJC_ISA_USAGE = YES_ERROR;
				CLANG_WARN_DOCUMENTATION_COMMENTS = YES;
				CLANG_WARN_EMPTY_BODY = YES;
				CLANG_WARN_ENUM_CONVERSION = YES;
				CLANG_WARN_INFINITE_RECURSION = YES;
				CLANG_WARN_INT_CONVERSION = YES;
				CLANG_WARN_NON_LITERAL_NULL_CONVERSION = YES;
				CLANG_WARN_OBJC_IMPLICIT_RETAIN_SELF = YES;
				CLANG_WARN_OBJC_LITERAL_CONVERSION = YES;
				CLANG_WARN_OBJC_ROOT_CLASS = YES_ERROR;
				CLANG_WARN_QUOTED_INCLUDE_IN_FRAMEWORK_HEADER = YES;
				CLANG_WARN_RANGE_LOOP_ANALYSIS = YES;
				CLANG_WARN_STRICT_PROTOTYPES = YES;
				CLANG_WARN_SUSPICIOUS_MOVE = YES;
				CLANG_WARN_UNGUARDED_AVAILABILITY = YES_AGGRESSIVE;
				CLANG_WARN_UNREACHABLE_CODE = YES;
				CLANG_WARN__DUPLICATE_METHOD_MATCH = YES;
				COPY_PHASE_STRIP = NO;
				DEBUG_INFORMATION_FORMAT = "dwarf-with-dsym";
				ENABLE_NS_ASSERTIONS = NO;
				ENABLE_STRICT_OBJC_MSGSEND = YES;
				GCC_C_LANGUAGE_STANDARD = gnu11;
				GCC_NO_COMMON_BLOCKS = YES;
				GCC_WARN_64_TO_32_BIT_CONVERSION = YES;
				GCC_WARN_ABOUT_RETURN_TYPE = YES_ERROR;
				GCC_WARN_UNDECLARED_SELECTOR = YES;
				GCC_WARN_UNINITIALIZED_AUTOS = YES_AGGRESSIVE;
				GCC_WARN_UNUSED_FUNCTION = YES;
				GCC_WARN_UNUSED_VARIABLE = YES;
				IPHONEOS_DEPLOYMENT_TARGET = 15.5;
				MTL_ENABLE_DEBUG_INFO = NO;
				MTL_FAST_MATH = YES;
				SDKROOT = iphoneos;
				SWIFT_COMPILATION_MODE = wholemodule;
				SWIFT_OPTIMIZATION_LEVEL = "-O";
				VALIDATE_PRODUCT = YES;
			};
			name = Release;
		};
		13DB4AEC28FD4837001EAEE3 /* Debug */ = {
			isa = XCBuildConfiguration;
			buildSettings = {
				ASSETCATALOG_COMPILER_APPICON_NAME = AppIcon;
				ASSETCATALOG_COMPILER_GLOBAL_ACCENT_COLOR_NAME = AccentColor;
				CODE_SIGN_STYLE = Automatic;
				CURRENT_PROJECT_VERSION = 1;
				GENERATE_INFOPLIST_FILE = YES;
				INFOPLIST_FILE = ImageCarouselApp/Info.plist;
				INFOPLIST_KEY_UIApplicationSupportsIndirectInputEvents = YES;
				INFOPLIST_KEY_UILaunchStoryboardName = LaunchScreen;
				INFOPLIST_KEY_UIMainStoryboardFile = Main;
				INFOPLIST_KEY_UISupportedInterfaceOrientations = UIInterfaceOrientationPortrait;
				INFOPLIST_KEY_UISupportedInterfaceOrientations_iPad = "UIInterfaceOrientationPortrait UIInterfaceOrientationPortraitUpsideDown UIInterfaceOrientationLandscapeLeft UIInterfaceOrientationLandscapeRight";
				INFOPLIST_KEY_UISupportedInterfaceOrientations_iPhone = "UIInterfaceOrientationPortrait UIInterfaceOrientationLandscapeLeft UIInterfaceOrientationLandscapeRight";
				INFOPLIST_KEY_UIUserInterfaceStyle = Light;
				IPHONEOS_DEPLOYMENT_TARGET = 13.0;
				LD_RUNPATH_SEARCH_PATHS = (
					"$(inherited)",
					"@executable_path/Frameworks",
				);
				MARKETING_VERSION = 1.0;
				PRODUCT_BUNDLE_IDENTIFIER = com.demo.ImageCarouselApp;
				PRODUCT_NAME = "$(TARGET_NAME)";
				SWIFT_EMIT_LOC_STRINGS = YES;
				SWIFT_VERSION = 5.0;
				TARGETED_DEVICE_FAMILY = 1;
			};
			name = Debug;
		};
		13DB4AED28FD4837001EAEE3 /* Release */ = {
			isa = XCBuildConfiguration;
			buildSettings = {
				ASSETCATALOG_COMPILER_APPICON_NAME = AppIcon;
				ASSETCATALOG_COMPILER_GLOBAL_ACCENT_COLOR_NAME = AccentColor;
				CODE_SIGN_STYLE = Automatic;
				CURRENT_PROJECT_VERSION = 1;
				GENERATE_INFOPLIST_FILE = YES;
				INFOPLIST_FILE = ImageCarouselApp/Info.plist;
				INFOPLIST_KEY_UIApplicationSupportsIndirectInputEvents = YES;
				INFOPLIST_KEY_UILaunchStoryboardName = LaunchScreen;
				INFOPLIST_KEY_UIMainStoryboardFile = Main;
				INFOPLIST_KEY_UISupportedInterfaceOrientations = UIInterfaceOrientationPortrait;
				INFOPLIST_KEY_UISupportedInterfaceOrientations_iPad = "UIInterfaceOrientationPortrait UIInterfaceOrientationPortraitUpsideDown UIInterfaceOrientationLandscapeLeft UIInterfaceOrientationLandscapeRight";
				INFOPLIST_KEY_UISupportedInterfaceOrientations_iPhone = "UIInterfaceOrientationPortrait UIInterfaceOrientationLandscapeLeft UIInterfaceOrientationLandscapeRight";
				INFOPLIST_KEY_UIUserInterfaceStyle = Light;
				IPHONEOS_DEPLOYMENT_TARGET = 13.0;
				LD_RUNPATH_SEARCH_PATHS = (
					"$(inherited)",
					"@executable_path/Frameworks",
				);
				MARKETING_VERSION = 1.0;
				PRODUCT_BUNDLE_IDENTIFIER = com.demo.ImageCarouselApp;
				PRODUCT_NAME = "$(TARGET_NAME)";
				SWIFT_EMIT_LOC_STRINGS = YES;
				SWIFT_VERSION = 5.0;
				TARGETED_DEVICE_FAMILY = 1;
			};
			name = Release;
		};
/* End XCBuildConfiguration section */

/* Begin XCConfigurationList section */
		13DB4AD228FD4835001EAEE3 /* Build configuration list for PBXProject "ImageCarouselApp" */ = {
			isa = XCConfigurationList;
			buildConfigurations = (
				13DB4AE928FD4837001EAEE3 /* Debug */,
				13DB4AEA28FD4837001EAEE3 /* Release */,
			);
			defaultConfigurationIsVisible = 0;
			defaultConfigurationName = Release;
		};
		13DB4AEB28FD4837001EAEE3 /* Build configuration list for PBXNativeTarget "ImageCarouselApp" */ = {
			isa = XCConfigurationList;
			buildConfigurations = (
				13DB4AEC28FD4837001EAEE3 /* Debug */,
				13DB4AED28FD4837001EAEE3 /* Release */,
			);
			defaultConfigurationIsVisible = 0;
			defaultConfigurationName = Release;
		};
/* End XCConfigurationList section */
	};
	rootObject = 13DB4ACF28FD4835001EAEE3 /* Project object */;
}
